
Microsoft Visual Studio Solution File, Format Version 12.00
# Visual Studio Version 17
VisualStudioVersion = 17.3.32819.101
MinimumVisualStudioVersion = 10.0.40219.1
Project("{FAE04EC0-301F-11D3-BF4B-00C04F79EFBC}") = "Battleship", "Battleship\Battleship.csproj", "{B855E7EC-615E-46E3-BA46-A5B7375DE379}"
EndProject
Global
	GlobalSection(SolutionConfigurationPlatforms) = preSolution
		Debug|Any CPU = Debug|Any CPU
		Release|Any CPU = Release|Any CPU
	EndGlobalSection
	GlobalSection(ProjectConfigurationPlatforms) = postSolution
		{B855E7EC-615E-46E3-BA46-A5B7375DE379}.Debug|Any CPU.ActiveCfg = Debug|Any CPU
		{B855E7EC-615E-46E3-BA46-A5B7375DE379}.Debug|Any CPU.Build.0 = Debug|Any CPU
		{B855E7EC-615E-46E3-BA46-A5B7375DE379}.Release|Any CPU.ActiveCfg = Release|Any CPU
		{B855E7EC-615E-46E3-BA46-A5B7375DE379}.Release|Any CPU.Build.0 = Release|Any CPU
	EndGlobalSection
	GlobalSection(SolutionProperties) = preSolution
		HideSolutionNode = FALSE
	EndGlobalSection
	GlobalSection(ExtensibilityGlobals) = postSolution
		SolutionGuid = {74DC34FA-79D1-4EC4-A6EF-CE6E47CD91F1}
	EndGlobalSection
EndGlobal
